
Microsoft Visual Studio Solution File, Format Version 12.00
# Visual Studio Version 18
VisualStudioVersion = 18.3.11415.281 d18.3
MinimumVisualStudioVersion = 10.0.40219.1
Project("{FAE04EC0-301F-11D3-BF4B-00C04F79EFBC}") = "AIBlog.Backend", "AIBlog.Backend.csproj", "{6D0959FE-689D-A80D-2817-4C5769F1EED6}"
EndProject
Global
	GlobalSection(SolutionConfigurationPlatforms) = preSolution
		Debug|Any CPU = Debug|Any CPU
		Release|Any CPU = Release|Any CPU
	EndGlobalSection
	GlobalSection(ProjectConfigurationPlatforms) = postSolution
		{6D0959FE-689D-A80D-2817-4C5769F1EED6}.Debug|Any CPU.ActiveCfg = Debug|Any CPU
		{6D0959FE-689D-A80D-2817-4C5769F1EED6}.Debug|Any CPU.Build.0 = Debug|Any CPU
		{6D0959FE-689D-A80D-2817-4C5769F1EED6}.Release|Any CPU.ActiveCfg = Release|Any CPU
		{6D0959FE-689D-A80D-2817-4C5769F1EED6}.Release|Any CPU.Build.0 = Release|Any CPU
	EndGlobalSection
	GlobalSection(SolutionProperties) = preSolution
		HideSolutionNode = FALSE
	EndGlobalSection
	GlobalSection(ExtensibilityGlobals) = postSolution
		SolutionGuid = {0AA91B1E-0D3B-46E8-9801-F19D4B4FFC6F}
	EndGlobalSection
EndGlobal
